{
  "name": "aoc2021",
  "version": "1.0.0",
  "lockfileVersion": 2,
  "requires": true,
  "packages": {
    "": {
      "name": "aoc2021",
      "version": "1.0.0",
      "license": "ISC",
      "dependencies": {
        "maxmind": "^4.3.2",
        "mmdb-lib": "^1.3.0"
      }
    },
    "node_modules/maxmind": {
      "version": "4.3.2",
      "resolved": "https://registry.npmjs.org/maxmind/-/maxmind-4.3.2.tgz",
      "integrity": "sha512-cZ4nsLeYbFWVbhkBU3VTPJ10SDCGAKQ8kGpuYh1AesN4NvMQGab+NIBqcReA4dxQqPjA/CM6e6mQGCusvUSp6Q==",
      "dependencies": {
        "mmdb-lib": "1.3.0",
        "tiny-lru": "7.0.6"
      },
      "engines": {
        "node": ">=10",
        "npm": ">=6"
      }
    },
    "node_modules/mmdb-lib": {
      "version": "1.3.0",
      "resolved": "https://registry.npmjs.org/mmdb-lib/-/mmdb-lib-1.3.0.tgz",
      "integrity": "sha512-KrRrAuC+X9ZkkPZNsqgHUGrop28vcmqISILyUXG0xOYt82ObU9d9XowVsjOVOr5CegyjrkmxEN5ut9r576vq2g==",
      "engines": {
        "node": ">=10",
        "npm": ">=6"
      }
    },
    "node_modules/tiny-lru": {
      "version": "7.0.6",
      "resolved": "https://registry.npmjs.org/tiny-lru/-/tiny-lru-7.0.6.tgz",
      "integrity": "sha512-zNYO0Kvgn5rXzWpL0y3RS09sMK67eGaQj9805jlK9G6pSadfriTczzLHFXa/xcW4mIRfmlB9HyQ/+SgL0V1uow==",
      "engines": {
        "node": ">=6"
      }
    }
  },
  "dependencies": {
    "maxmind": {
      "version": "4.3.2",
      "resolved": "https://registry.npmjs.org/maxmind/-/maxmind-4.3.2.tgz",
      "integrity": "sha512-cZ4nsLeYbFWVbhkBU3VTPJ10SDCGAKQ8kGpuYh1AesN4NvMQGab+NIBqcReA4dxQqPjA/CM6e6mQGCusvUSp6Q==",
      "requires": {
        "mmdb-lib": "1.3.0",
        "tiny-lru": "7.0.6"
      }
    },
    "mmdb-lib": {
      "version": "1.3.0",
      "resolved": "https://registry.npmjs.org/mmdb-lib/-/mmdb-lib-1.3.0.tgz",
      "integrity": "sha512-KrRrAuC+X9ZkkPZNsqgHUGrop28vcmqISILyUXG0xOYt82ObU9d9XowVsjOVOr5CegyjrkmxEN5ut9r576vq2g=="
    },
    "tiny-lru": {
      "version": "7.0.6",
      "resolved": "https://registry.npmjs.org/tiny-lru/-/tiny-lru-7.0.6.tgz",
      "integrity": "sha512-zNYO0Kvgn5rXzWpL0y3RS09sMK67eGaQj9805jlK9G6pSadfriTczzLHFXa/xcW4mIRfmlB9HyQ/+SgL0V1uow=="
    }
  }
}
